
Microsoft Visual Studio Solution File, Format Version 12.00
# Visual Studio Version 17
VisualStudioVersion = 17.8.34316.72
MinimumVisualStudioVersion = 10.0.40219.1
Project("{2150E333-8FDC-42A3-9474-1A3956D46DE8}") = "Services", "Services", "{C878276F-5B36-4A52-9FC0-E06790024A26}"
EndProject
Project("{FAE04EC0-301F-11D3-BF4B-00C04F79EFBC}") = "LibroService", "LibroService\LibroService.csproj", "{E5CA5F44-1746-4963-A1B0-E61FE813EAC6}"
EndProject
Project("{FAE04EC0-301F-11D3-BF4B-00C04F79EFBC}") = "AutorService", "AutorService\AutorService.csproj", "{8DA6C063-5F1F-4205-BE03-BE65B6E402B8}"
EndProject
Global
	GlobalSection(SolutionConfigurationPlatforms) = preSolution
		Debug|Any CPU = Debug|Any CPU
		Release|Any CPU = Release|Any CPU
	EndGlobalSection
	GlobalSection(ProjectConfigurationPlatforms) = postSolution
		{E5CA5F44-1746-4963-A1B0-E61FE813EAC6}.Debug|Any CPU.ActiveCfg = Debug|Any CPU
		{E5CA5F44-1746-4963-A1B0-E61FE813EAC6}.Debug|Any CPU.Build.0 = Debug|Any CPU
		{E5CA5F44-1746-4963-A1B0-E61FE813EAC6}.Release|Any CPU.ActiveCfg = Release|Any CPU
		{E5CA5F44-1746-4963-A1B0-E61FE813EAC6}.Release|Any CPU.Build.0 = Release|Any CPU
		{8DA6C063-5F1F-4205-BE03-BE65B6E402B8}.Debug|Any CPU.ActiveCfg = Debug|Any CPU
		{8DA6C063-5F1F-4205-BE03-BE65B6E402B8}.Debug|Any CPU.Build.0 = Debug|Any CPU
		{8DA6C063-5F1F-4205-BE03-BE65B6E402B8}.Release|Any CPU.ActiveCfg = Release|Any CPU
		{8DA6C063-5F1F-4205-BE03-BE65B6E402B8}.Release|Any CPU.Build.0 = Release|Any CPU
	EndGlobalSection
	GlobalSection(SolutionProperties) = preSolution
		HideSolutionNode = FALSE
	EndGlobalSection
	GlobalSection(NestedProjects) = preSolution
		{E5CA5F44-1746-4963-A1B0-E61FE813EAC6} = {C878276F-5B36-4A52-9FC0-E06790024A26}
		{8DA6C063-5F1F-4205-BE03-BE65B6E402B8} = {C878276F-5B36-4A52-9FC0-E06790024A26}
	EndGlobalSection
	GlobalSection(ExtensibilityGlobals) = postSolution
		SolutionGuid = {B5A8924A-CAC8-49B6-AA51-6D7C57BD5AF5}
	EndGlobalSection
EndGlobal
